
Microsoft Visual Studio Solution File, Format Version 12.00
# Visual Studio Version 17
VisualStudioVersion = 17.6.33815.320
MinimumVisualStudioVersion = 10.0.40219.1
Project("{FAE04EC0-301F-11D3-BF4B-00C04F79EFBC}") = "Anubis", "Anubis.csproj", "{8D9B3DBA-95FA-48A9-BEAB-9D6B37BED85D}"
EndProject
Global
	GlobalSection(SolutionConfigurationPlatforms) = preSolution
		Debug|Any CPU = Debug|Any CPU
		Release|Any CPU = Release|Any CPU
	EndGlobalSection
	GlobalSection(ProjectConfigurationPlatforms) = postSolution
		{8D9B3DBA-95FA-48A9-BEAB-9D6B37BED85D}.Debug|Any CPU.ActiveCfg = Debug|Any CPU
		{8D9B3DBA-95FA-48A9-BEAB-9D6B37BED85D}.Debug|Any CPU.Build.0 = Debug|Any CPU
		{8D9B3DBA-95FA-48A9-BEAB-9D6B37BED85D}.Release|Any CPU.ActiveCfg = Release|Any CPU
		{8D9B3DBA-95FA-48A9-BEAB-9D6B37BED85D}.Release|Any CPU.Build.0 = Release|Any CPU
	EndGlobalSection
	GlobalSection(SolutionProperties) = preSolution
		HideSolutionNode = FALSE
	EndGlobalSection
	GlobalSection(ExtensibilityGlobals) = postSolution
		SolutionGuid = {2F8830A0-F0EA-4AC7-8DBB-141A6C5E4F14}
	EndGlobalSection
EndGlobal
